// !$*UTF8*$!
{
	archiveVersion = 1;
	classes = {
	};
	objectVersion = 51;
	objects = {

/* Begin PBXBuildFile section */
		6246B3A3364DA055B933D5D4 /* Pods_NRLTopPlayersTests.framework in Frameworks */ = {isa = PBXBuildFile; fileRef = 5A91A59ED2FE5DCA4EFD80EE /* Pods_NRLTopPlayersTests.framework */; };
		64D377964F2D58B80DD1E9BF /* Pods_NRLTopPlayers.framework in Frameworks */ = {isa = PBXBuildFile; fileRef = E9D363A20707205E1243BED0 /* Pods_NRLTopPlayers.framework */; };
		934E19382310E1A80030DA01 /* UICollectionViewCellExtension.swift in Sources */ = {isa = PBXBuildFile; fileRef = 934E19372310E1A80030DA01 /* UICollectionViewCellExtension.swift */; };
		934E193A2310F3B80030DA01 /* NRLService.swift in Sources */ = {isa = PBXBuildFile; fileRef = 934E19392310F3B80030DA01 /* NRLService.swift */; };
		934E193C2310FF480030DA01 /* MatchDetails.swift in Sources */ = {isa = PBXBuildFile; fileRef = 934E193B2310FF480030DA01 /* MatchDetails.swift */; };
		934E193E231135AF0030DA01 /* PlayerDetailsViewController.swift in Sources */ = {isa = PBXBuildFile; fileRef = 934E193D231135AF0030DA01 /* PlayerDetailsViewController.swift */; };
		934E194423114D1F0030DA01 /* PlayerStatsCell.swift in Sources */ = {isa = PBXBuildFile; fileRef = 934E194323114D1F0030DA01 /* PlayerStatsCell.swift */; };
		934E194623114E860030DA01 /* PlayerHeaderView.swift in Sources */ = {isa = PBXBuildFile; fileRef = 934E194523114E860030DA01 /* PlayerHeaderView.swift */; };
		934E194B23114ED80030DA01 /* PlayerDetailsViewModel.swift in Sources */ = {isa = PBXBuildFile; fileRef = 934E194923114ED80030DA01 /* PlayerDetailsViewModel.swift */; };
		934E194C23114ED80030DA01 /* PlayerDetailsDataSource.swift in Sources */ = {isa = PBXBuildFile; fileRef = 934E194A23114ED80030DA01 /* PlayerDetailsDataSource.swift */; };
		934E1950231162420030DA01 /* UICollectionViewLeftAlignedLayout.swift in Sources */ = {isa = PBXBuildFile; fileRef = 934E194F231162420030DA01 /* UICollectionViewLeftAlignedLayout.swift */; };
		934E1952231167E50030DA01 /* StringExtension.swift in Sources */ = {isa = PBXBuildFile; fileRef = 934E1951231167E50030DA01 /* StringExtension.swift */; };
		934E1954231173FA0030DA01 /* IndexPathExtension.swift in Sources */ = {isa = PBXBuildFile; fileRef = 934E1953231173FA0030DA01 /* IndexPathExtension.swift */; };
		935003F9230FAEEE00D1E339 /* AppDelegate.swift in Sources */ = {isa = PBXBuildFile; fileRef = 935003F8230FAEEE00D1E339 /* AppDelegate.swift */; };
		935003FE230FAEEE00D1E339 /* Main.storyboard in Resources */ = {isa = PBXBuildFile; fileRef = 935003FC230FAEEE00D1E339 /* Main.storyboard */; };
		93500400230FAEEF00D1E339 /* Assets.xcassets in Resources */ = {isa = PBXBuildFile; fileRef = 935003FF230FAEEF00D1E339 /* Assets.xcassets */; };
		93500403230FAEEF00D1E339 /* LaunchScreen.storyboard in Resources */ = {isa = PBXBuildFile; fileRef = 93500401230FAEEF00D1E339 /* LaunchScreen.storyboard */; };
		9350040E230FAEEF00D1E339 /* NRLTopPlayersTests.swift in Sources */ = {isa = PBXBuildFile; fileRef = 9350040D230FAEEF00D1E339 /* NRLTopPlayersTests.swift */; };
		93B8945C2310C80000FE4BDB /* Contants.swift in Sources */ = {isa = PBXBuildFile; fileRef = 93B8945B2310C80000FE4BDB /* Contants.swift */; };
		93B8945E2310C81F00FE4BDB /* UIViewControllerExtension.swift in Sources */ = {isa = PBXBuildFile; fileRef = 93B8945D2310C81F00FE4BDB /* UIViewControllerExtension.swift */; };
		93B894612310C92E00FE4BDB /* ImageService.swift in Sources */ = {isa = PBXBuildFile; fileRef = 93B894602310C92E00FE4BDB /* ImageService.swift */; };
		93B894652310C9C500FE4BDB /* NetworkService.swift in Sources */ = {isa = PBXBuildFile; fileRef = 93B894642310C9C500FE4BDB /* NetworkService.swift */; };
		93B894672310CAD300FE4BDB /* HomeViewController.swift in Sources */ = {isa = PBXBuildFile; fileRef = 93B894662310CAD300FE4BDB /* HomeViewController.swift */; };
		93B894692310CCC700FE4BDB /* StatsSectionView.swift in Sources */ = {isa = PBXBuildFile; fileRef = 93B894682310CCC700FE4BDB /* StatsSectionView.swift */; };
		93B8946B2310D29600FE4BDB /* HomePlayerCell.swift in Sources */ = {isa = PBXBuildFile; fileRef = 93B8946A2310D29600FE4BDB /* HomePlayerCell.swift */; };
		93B8946D2310D4E900FE4BDB /* HomeViewModel.swift in Sources */ = {isa = PBXBuildFile; fileRef = 93B8946C2310D4E900FE4BDB /* HomeViewModel.swift */; };
		93B8946F2310D4F100FE4BDB /* HomeDataSource.swift in Sources */ = {isa = PBXBuildFile; fileRef = 93B8946E2310D4F100FE4BDB /* HomeDataSource.swift */; };
/* End PBXBuildFile section */

/* Begin PBXContainerItemProxy section */
		9350040A230FAEEF00D1E339 /* PBXContainerItemProxy */ = {
			isa = PBXContainerItemProxy;
			containerPortal = 935003ED230FAEEE00D1E339 /* Project object */;
			proxyType = 1;
			remoteGlobalIDString = 935003F4230FAEEE00D1E339;
			remoteInfo = NRLTopPlayers;
		};
/* End PBXContainerItemProxy section */

/* Begin PBXFileReference section */
		5A91A59ED2FE5DCA4EFD80EE /* Pods_NRLTopPlayersTests.framework */ = {isa = PBXFileReference; explicitFileType = wrapper.framework; includeInIndex = 0; path = Pods_NRLTopPlayersTests.framework; sourceTree = BUILT_PRODUCTS_DIR; };
		5D6AE9481B196B7E9EF8DD90 /* Pods-NRLTopPlayersTests.debug.xcconfig */ = {isa = PBXFileReference; includeInIndex = 1; lastKnownFileType = text.xcconfig; name = "Pods-NRLTopPlayersTests.debug.xcconfig"; path = "Target Support Files/Pods-NRLTopPlayersTests/Pods-NRLTopPlayersTests.debug.xcconfig"; sourceTree = "<group>"; };
		934E19372310E1A80030DA01 /* UICollectionViewCellExtension.swift */ = {isa = PBXFileReference; lastKnownFileType = sourcecode.swift; path = UICollectionViewCellExtension.swift; sourceTree = "<group>"; };
		934E19392310F3B80030DA01 /* NRLService.swift */ = {isa = PBXFileReference; lastKnownFileType = sourcecode.swift; path = NRLService.swift; sourceTree = "<group>"; };
		934E193B2310FF480030DA01 /* MatchDetails.swift */ = {isa = PBXFileReference; lastKnownFileType = sourcecode.swift; path = MatchDetails.swift; sourceTree = "<group>"; };
		934E193D231135AF0030DA01 /* PlayerDetailsViewController.swift */ = {isa = PBXFileReference; lastKnownFileType = sourcecode.swift; path = PlayerDetailsViewController.swift; sourceTree = "<group>"; };
		934E194323114D1F0030DA01 /* PlayerStatsCell.swift */ = {isa = PBXFileReference; lastKnownFileType = sourcecode.swift; path = PlayerStatsCell.swift; sourceTree = "<group>"; };
		934E194523114E860030DA01 /* PlayerHeaderView.swift */ = {isa = PBXFileReference; lastKnownFileType = sourcecode.swift; path = PlayerHeaderView.swift; sourceTree = "<group>"; };
		934E194923114ED80030DA01 /* PlayerDetailsViewModel.swift */ = {isa = PBXFileReference; fileEncoding = 4; lastKnownFileType = sourcecode.swift; path = PlayerDetailsViewModel.swift; sourceTree = "<group>"; };
		934E194A23114ED80030DA01 /* PlayerDetailsDataSource.swift */ = {isa = PBXFileReference; fileEncoding = 4; lastKnownFileType = sourcecode.swift; path = PlayerDetailsDataSource.swift; sourceTree = "<group>"; };
		934E194F231162420030DA01 /* UICollectionViewLeftAlignedLayout.swift */ = {isa = PBXFileReference; lastKnownFileType = sourcecode.swift; path = UICollectionViewLeftAlignedLayout.swift; sourceTree = "<group>"; };
		934E1951231167E50030DA01 /* StringExtension.swift */ = {isa = PBXFileReference; lastKnownFileType = sourcecode.swift; path = StringExtension.swift; sourceTree = "<group>"; };
		934E1953231173FA0030DA01 /* IndexPathExtension.swift */ = {isa = PBXFileReference; lastKnownFileType = sourcecode.swift; path = IndexPathExtension.swift; sourceTree = "<group>"; };
		935003F5230FAEEE00D1E339 /* NRLTopPlayers.app */ = {isa = PBXFileReference; explicitFileType = wrapper.application; includeInIndex = 0; path = NRLTopPlayers.app; sourceTree = BUILT_PRODUCTS_DIR; };
		935003F8230FAEEE00D1E339 /* AppDelegate.swift */ = {isa = PBXFileReference; lastKnownFileType = sourcecode.swift; path = AppDelegate.swift; sourceTree = "<group>"; };
		935003FD230FAEEE00D1E339 /* Base */ = {isa = PBXFileReference; lastKnownFileType = file.storyboard; name = Base; path = Base.lproj/Main.storyboard; sourceTree = "<group>"; };
		935003FF230FAEEF00D1E339 /* Assets.xcassets */ = {isa = PBXFileReference; lastKnownFileType = folder.assetcatalog; path = Assets.xcassets; sourceTree = "<group>"; };
		93500402230FAEEF00D1E339 /* Base */ = {isa = PBXFileReference; lastKnownFileType = file.storyboard; name = Base; path = Base.lproj/LaunchScreen.storyboard; sourceTree = "<group>"; };
		93500404230FAEEF00D1E339 /* Info.plist */ = {isa = PBXFileReference; lastKnownFileType = text.plist.xml; path = Info.plist; sourceTree = "<group>"; };
		93500409230FAEEF00D1E339 /* NRLTopPlayersTests.xctest */ = {isa = PBXFileReference; explicitFileType = wrapper.cfbundle; includeInIndex = 0; path = NRLTopPlayersTests.xctest; sourceTree = BUILT_PRODUCTS_DIR; };
		9350040D230FAEEF00D1E339 /* NRLTopPlayersTests.swift */ = {isa = PBXFileReference; lastKnownFileType = sourcecode.swift; path = NRLTopPlayersTests.swift; sourceTree = "<group>"; };
		9350040F230FAEEF00D1E339 /* Info.plist */ = {isa = PBXFileReference; lastKnownFileType = text.plist.xml; path = Info.plist; sourceTree = "<group>"; };
		93B8945B2310C80000FE4BDB /* Contants.swift */ = {isa = PBXFileReference; lastKnownFileType = sourcecode.swift; path = Contants.swift; sourceTree = "<group>"; };
		93B8945D2310C81F00FE4BDB /* UIViewControllerExtension.swift */ = {isa = PBXFileReference; lastKnownFileType = sourcecode.swift; path = UIViewControllerExtension.swift; sourceTree = "<group>"; };
		93B894602310C92E00FE4BDB /* ImageService.swift */ = {isa = PBXFileReference; lastKnownFileType = sourcecode.swift; path = ImageService.swift; sourceTree = "<group>"; };
		93B894642310C9C500FE4BDB /* NetworkService.swift */ = {isa = PBXFileReference; lastKnownFileType = sourcecode.swift; path = NetworkService.swift; sourceTree = "<group>"; };
		93B894662310CAD300FE4BDB /* HomeViewController.swift */ = {isa = PBXFileReference; lastKnownFileType = sourcecode.swift; path = HomeViewController.swift; sourceTree = "<group>"; };
		93B894682310CCC700FE4BDB /* StatsSectionView.swift */ = {isa = PBXFileReference; lastKnownFileType = sourcecode.swift; path = StatsSectionView.swift; sourceTree = "<group>"; };
		93B8946A2310D29600FE4BDB /* HomePlayerCell.swift */ = {isa = PBXFileReference; lastKnownFileType = sourcecode.swift; path = HomePlayerCell.swift; sourceTree = "<group>"; };
		93B8946C2310D4E900FE4BDB /* HomeViewModel.swift */ = {isa = PBXFileReference; lastKnownFileType = sourcecode.swift; path = HomeViewModel.swift; sourceTree = "<group>"; };
		93B8946E2310D4F100FE4BDB /* HomeDataSource.swift */ = {isa = PBXFileReference; lastKnownFileType = sourcecode.swift; path = HomeDataSource.swift; sourceTree = "<group>"; };
		B10E15F611F545C7B49C4A70 /* Pods-NRLTopPlayers.release.xcconfig */ = {isa = PBXFileReference; includeInIndex = 1; lastKnownFileType = text.xcconfig; name = "Pods-NRLTopPlayers.release.xcconfig"; path = "Target Support Files/Pods-NRLTopPlayers/Pods-NRLTopPlayers.release.xcconfig"; sourceTree = "<group>"; };
		D8448076C7E91A07EBFE6734 /* Pods-NRLTopPlayersTests.release.xcconfig */ = {isa = PBXFileReference; includeInIndex = 1; lastKnownFileType = text.xcconfig; name = "Pods-NRLTopPlayersTests.release.xcconfig"; path = "Target Support Files/Pods-NRLTopPlayersTests/Pods-NRLTopPlayersTests.release.xcconfig"; sourceTree = "<group>"; };
		E9D363A20707205E1243BED0 /* Pods_NRLTopPlayers.framework */ = {isa = PBXFileReference; explicitFileType = wrapper.framework; includeInIndex = 0; path = Pods_NRLTopPlayers.framework; sourceTree = BUILT_PRODUCTS_DIR; };
		EE0277BDD2C7DC72D1982699 /* Pods-NRLTopPlayers.debug.xcconfig */ = {isa = PBXFileReference; includeInIndex = 1; lastKnownFileType = text.xcconfig; name = "Pods-NRLTopPlayers.debug.xcconfig"; path = "Target Support Files/Pods-NRLTopPlayers/Pods-NRLTopPlayers.debug.xcconfig"; sourceTree = "<group>"; };
/* End PBXFileReference section */

/* Begin PBXFrameworksBuildPhase section */
		935003F2230FAEEE00D1E339 /* Frameworks */ = {
			isa = PBXFrameworksBuildPhase;
			buildActionMask = 2147483647;
			files = (
				64D377964F2D58B80DD1E9BF /* Pods_NRLTopPlayers.framework in Frameworks */,
			);
			runOnlyForDeploymentPostprocessing = 0;
		};
		93500406230FAEEF00D1E339 /* Frameworks */ = {
			isa = PBXFrameworksBuildPhase;
			buildActionMask = 2147483647;
			files = (
				6246B3A3364DA055B933D5D4 /* Pods_NRLTopPlayersTests.framework in Frameworks */,
			);
			runOnlyForDeploymentPostprocessing = 0;
		};
/* End PBXFrameworksBuildPhase section */

/* Begin PBXGroup section */
		1522DC0C03E82970A8D30B8D /* Pods */ = {
			isa = PBXGroup;
			children = (
				EE0277BDD2C7DC72D1982699 /* Pods-NRLTopPlayers.debug.xcconfig */,
				B10E15F611F545C7B49C4A70 /* Pods-NRLTopPlayers.release.xcconfig */,
				5D6AE9481B196B7E9EF8DD90 /* Pods-NRLTopPlayersTests.debug.xcconfig */,
				D8448076C7E91A07EBFE6734 /* Pods-NRLTopPlayersTests.release.xcconfig */,
			);
			path = Pods;
			sourceTree = "<group>";
		};
		934E194723114EB20030DA01 /* Home */ = {
			isa = PBXGroup;
			children = (
				93B8946C2310D4E900FE4BDB /* HomeViewModel.swift */,
				93B8946E2310D4F100FE4BDB /* HomeDataSource.swift */,
			);
			path = Home;
			sourceTree = "<group>";
		};
		934E194823114EB90030DA01 /* Player */ = {
			isa = PBXGroup;
			children = (
				934E194923114ED80030DA01 /* PlayerDetailsViewModel.swift */,
				934E194A23114ED80030DA01 /* PlayerDetailsDataSource.swift */,
			);
			path = Player;
			sourceTree = "<group>";
		};
		934E194D23114EEE0030DA01 /* Player */ = {
			isa = PBXGroup;
			children = (
				934E193D231135AF0030DA01 /* PlayerDetailsViewController.swift */,
				934E194323114D1F0030DA01 /* PlayerStatsCell.swift */,
				934E194523114E860030DA01 /* PlayerHeaderView.swift */,
			);
			path = Player;
			sourceTree = "<group>";
		};
		934E194E23114EF60030DA01 /* Home */ = {
			isa = PBXGroup;
			children = (
				93B894662310CAD300FE4BDB /* HomeViewController.swift */,
				93B8946A2310D29600FE4BDB /* HomePlayerCell.swift */,
				93B894682310CCC700FE4BDB /* StatsSectionView.swift */,
			);
			path = Home;
			sourceTree = "<group>";
		};
		935003EC230FAEEE00D1E339 = {
			isa = PBXGroup;
			children = (
				935003F7230FAEEE00D1E339 /* NRLTopPlayers */,
				9350040C230FAEEF00D1E339 /* NRLTopPlayersTests */,
				935003F6230FAEEE00D1E339 /* Products */,
				1522DC0C03E82970A8D30B8D /* Pods */,
				B2CB6558E3668E930EF4E24F /* Frameworks */,
			);
			sourceTree = "<group>";
		};
		935003F6230FAEEE00D1E339 /* Products */ = {
			isa = PBXGroup;
			children = (
				935003F5230FAEEE00D1E339 /* NRLTopPlayers.app */,
				93500409230FAEEF00D1E339 /* NRLTopPlayersTests.xctest */,
			);
			name = Products;
			sourceTree = "<group>";
		};
		935003F7230FAEEE00D1E339 /* NRLTopPlayers */ = {
			isa = PBXGroup;
			children = (
				93B8945F2310C84F00FE4BDB /* Service */,
				93B894562310C75700FE4BDB /* Common */,
				93B894582310C75700FE4BDB /* Model */,
				93B894592310C75700FE4BDB /* View */,
				93B8945A2310C75700FE4BDB /* ViewModel */,
				93B894572310C75700FE4BDB /* Resource */,
				935003F8230FAEEE00D1E339 /* AppDelegate.swift */,
			);
			path = NRLTopPlayers;
			sourceTree = "<group>";
		};
		9350040C230FAEEF00D1E339 /* NRLTopPlayersTests */ = {
			isa = PBXGroup;
			children = (
				9350040D230FAEEF00D1E339 /* NRLTopPlayersTests.swift */,
				9350040F230FAEEF00D1E339 /* Info.plist */,
			);
			path = NRLTopPlayersTests;
			sourceTree = "<group>";
		};
		93B894562310C75700FE4BDB /* Common */ = {
			isa = PBXGroup;
			children = (
				93B8945B2310C80000FE4BDB /* Contants.swift */,
				93B8945D2310C81F00FE4BDB /* UIViewControllerExtension.swift */,
				934E19372310E1A80030DA01 /* UICollectionViewCellExtension.swift */,
				934E194F231162420030DA01 /* UICollectionViewLeftAlignedLayout.swift */,
				934E1951231167E50030DA01 /* StringExtension.swift */,
				934E1953231173FA0030DA01 /* IndexPathExtension.swift */,
			);
			path = Common;
			sourceTree = "<group>";
		};
		93B894572310C75700FE4BDB /* Resource */ = {
			isa = PBXGroup;
			children = (
				935003FF230FAEEF00D1E339 /* Assets.xcassets */,
				93500401230FAEEF00D1E339 /* LaunchScreen.storyboard */,
				93500404230FAEEF00D1E339 /* Info.plist */,
			);
			path = Resource;
			sourceTree = "<group>";
		};
		93B894582310C75700FE4BDB /* Model */ = {
			isa = PBXGroup;
			children = (
				934E193B2310FF480030DA01 /* MatchDetails.swift */,
			);
			path = Model;
			sourceTree = "<group>";
		};
		93B894592310C75700FE4BDB /* View */ = {
			isa = PBXGroup;
			children = (
				935003FC230FAEEE00D1E339 /* Main.storyboard */,
				934E194E23114EF60030DA01 /* Home */,
				934E194D23114EEE0030DA01 /* Player */,
			);
			path = View;
			sourceTree = "<group>";
		};
		93B8945A2310C75700FE4BDB /* ViewModel */ = {
			isa = PBXGroup;
			children = (
				934E194723114EB20030DA01 /* Home */,
				934E194823114EB90030DA01 /* Player */,
			);
			path = ViewModel;
			sourceTree = "<group>";
		};
		93B8945F2310C84F00FE4BDB /* Service */ = {
			isa = PBXGroup;
			children = (
				93B894602310C92E00FE4BDB /* ImageService.swift */,
				93B894642310C9C500FE4BDB /* NetworkService.swift */,
				934E19392310F3B80030DA01 /* NRLService.swift */,
			);
			path = Service;
			sourceTree = "<group>";
		};
		B2CB6558E3668E930EF4E24F /* Frameworks */ = {
			isa = PBXGroup;
			children = (
				E9D363A20707205E1243BED0 /* Pods_NRLTopPlayers.framework */,
				5A91A59ED2FE5DCA4EFD80EE /* Pods_NRLTopPlayersTests.framework */,
			);
			name = Frameworks;
			sourceTree = "<group>";
		};
/* End PBXGroup section */

/* Begin PBXNativeTarget section */
		935003F4230FAEEE00D1E339 /* NRLTopPlayers */ = {
			isa = PBXNativeTarget;
			buildConfigurationList = 93500412230FAEEF00D1E339 /* Build configuration list for PBXNativeTarget "NRLTopPlayers" */;
			buildPhases = (
				BAC5CE9DF97DCC988ACAAE02 /* [CP] Check Pods Manifest.lock */,
				935003F1230FAEEE00D1E339 /* Sources */,
				935003F2230FAEEE00D1E339 /* Frameworks */,
				935003F3230FAEEE00D1E339 /* Resources */,
				61BC8820D67423529EEAD0CE /* [CP] Embed Pods Frameworks */,
				93B89455230FB17400FE4BDB /* Run SwiftLint */,
			);
			buildRules = (
			);
			dependencies = (
			);
			name = NRLTopPlayers;
			productName = NRLTopPlayers;
			productReference = 935003F5230FAEEE00D1E339 /* NRLTopPlayers.app */;
			productType = "com.apple.product-type.application";
		};
		93500408230FAEEF00D1E339 /* NRLTopPlayersTests */ = {
			isa = PBXNativeTarget;
			buildConfigurationList = 93500415230FAEEF00D1E339 /* Build configuration list for PBXNativeTarget "NRLTopPlayersTests" */;
			buildPhases = (
				F5ACEDBB34510ACE0FDA3C0A /* [CP] Check Pods Manifest.lock */,
				93500405230FAEEF00D1E339 /* Sources */,
				93500406230FAEEF00D1E339 /* Frameworks */,
				93500407230FAEEF00D1E339 /* Resources */,
			);
			buildRules = (
			);
			dependencies = (
				9350040B230FAEEF00D1E339 /* PBXTargetDependency */,
			);
			name = NRLTopPlayersTests;
			productName = NRLTopPlayersTests;
			productReference = 93500409230FAEEF00D1E339 /* NRLTopPlayersTests.xctest */;
			productType = "com.apple.product-type.bundle.unit-test";
		};
/* End PBXNativeTarget section */

/* Begin PBXProject section */
		935003ED230FAEEE00D1E339 /* Project object */ = {
			isa = PBXProject;
			attributes = {
				LastSwiftUpdateCheck = 1020;
				LastUpgradeCheck = 1020;
				ORGANIZATIONNAME = "My Company";
				TargetAttributes = {
					935003F4230FAEEE00D1E339 = {
						CreatedOnToolsVersion = 10.2;
					};
					93500408230FAEEF00D1E339 = {
						CreatedOnToolsVersion = 10.2;
						TestTargetID = 935003F4230FAEEE00D1E339;
					};
				};
			};
			buildConfigurationList = 935003F0230FAEEE00D1E339 /* Build configuration list for PBXProject "NRLTopPlayers" */;
			compatibilityVersion = "Xcode 9.3";
			developmentRegion = en;
			hasScannedForEncodings = 0;
			knownRegions = (
				en,
				Base,
			);
			mainGroup = 935003EC230FAEEE00D1E339;
			productRefGroup = 935003F6230FAEEE00D1E339 /* Products */;
			projectDirPath = "";
			projectRoot = "";
			targets = (
				935003F4230FAEEE00D1E339 /* NRLTopPlayers */,
				93500408230FAEEF00D1E339 /* NRLTopPlayersTests */,
			);
		};
/* End PBXProject section */

/* Begin PBXResourcesBuildPhase section */
		935003F3230FAEEE00D1E339 /* Resources */ = {
			isa = PBXResourcesBuildPhase;
			buildActionMask = 2147483647;
			files = (
				93500403230FAEEF00D1E339 /* LaunchScreen.storyboard in Resources */,
				93500400230FAEEF00D1E339 /* Assets.xcassets in Resources */,
				935003FE230FAEEE00D1E339 /* Main.storyboard in Resources */,
			);
			runOnlyForDeploymentPostprocessing = 0;
		};
		93500407230FAEEF00D1E339 /* Resources */ = {
			isa = PBXResourcesBuildPhase;
			buildActionMask = 2147483647;
			files = (
			);
			runOnlyForDeploymentPostprocessing = 0;
		};
/* End PBXResourcesBuildPhase section */

/* Begin PBXShellScriptBuildPhase section */
		61BC8820D67423529EEAD0CE /* [CP] Embed Pods Frameworks */ = {
			isa = PBXShellScriptBuildPhase;
			buildActionMask = 2147483647;
			files = (
			);
			inputFileListPaths = (
				"${PODS_ROOT}/Target Support Files/Pods-NRLTopPlayers/Pods-NRLTopPlayers-frameworks-${CONFIGURATION}-input-files.xcfilelist",
			);
			name = "[CP] Embed Pods Frameworks";
			outputFileListPaths = (
				"${PODS_ROOT}/Target Support Files/Pods-NRLTopPlayers/Pods-NRLTopPlayers-frameworks-${CONFIGURATION}-output-files.xcfilelist",
			);
			runOnlyForDeploymentPostprocessing = 0;
			shellPath = /bin/sh;
			shellScript = "\"${PODS_ROOT}/Target Support Files/Pods-NRLTopPlayers/Pods-NRLTopPlayers-frameworks.sh\"\n";
			showEnvVarsInLog = 0;
		};
		93B89455230FB17400FE4BDB /* Run SwiftLint */ = {
			isa = PBXShellScriptBuildPhase;
			buildActionMask = 2147483647;
			files = (
			);
			inputFileListPaths = (
			);
			inputPaths = (
			);
			name = "Run SwiftLint";
			outputFileListPaths = (
			);
			outputPaths = (
			);
			runOnlyForDeploymentPostprocessing = 0;
			shellPath = /bin/sh;
			shellScript = "if which $PODS_ROOT/SwiftLint/swiftlint >/dev/null; then\n$PODS_ROOT/SwiftLint/swiftlint\nelse\necho \"warning: SwiftLint not installed, download from https://github.com/realm/SwiftLint\"\nfi\n";
		};
		BAC5CE9DF97DCC988ACAAE02 /* [CP] Check Pods Manifest.lock */ = {
			isa = PBXShellScriptBuildPhase;
			buildActionMask = 2147483647;
			files = (
			);
			inputFileListPaths = (
			);
			inputPaths = (
				"${PODS_PODFILE_DIR_PATH}/Podfile.lock",
				"${PODS_ROOT}/Manifest.lock",
			);
			name = "[CP] Check Pods Manifest.lock";
			outputFileListPaths = (
			);
			outputPaths = (
				"$(DERIVED_FILE_DIR)/Pods-NRLTopPlayers-checkManifestLockResult.txt",
			);
			runOnlyForDeploymentPostprocessing = 0;
			shellPath = /bin/sh;
			shellScript = "diff \"${PODS_PODFILE_DIR_PATH}/Podfile.lock\" \"${PODS_ROOT}/Manifest.lock\" > /dev/null\nif [ $? != 0 ] ; then\n    # print error to STDERR\n    echo \"error: The sandbox is not in sync with the Podfile.lock. Run 'pod install' or update your CocoaPods installation.\" >&2\n    exit 1\nfi\n# This output is used by Xcode 'outputs' to avoid re-running this script phase.\necho \"SUCCESS\" > \"${SCRIPT_OUTPUT_FILE_0}\"\n";
			showEnvVarsInLog = 0;
		};
		F5ACEDBB34510ACE0FDA3C0A /* [CP] Check Pods Manifest.lock */ = {
			isa = PBXShellScriptBuildPhase;
			buildActionMask = 2147483647;
			files = (
			);
			inputFileListPaths = (
			);
			inputPaths = (
				"${PODS_PODFILE_DIR_PATH}/Podfile.lock",
				"${PODS_ROOT}/Manifest.lock",
			);
			name = "[CP] Check Pods Manifest.lock";
			outputFileListPaths = (
			);
			outputPaths = (
				"$(DERIVED_FILE_DIR)/Pods-NRLTopPlayersTests-checkManifestLockResult.txt",
			);
			runOnlyForDeploymentPostprocessing = 0;
			shellPath = /bin/sh;
			shellScript = "diff \"${PODS_PODFILE_DIR_PATH}/Podfile.lock\" \"${PODS_ROOT}/Manifest.lock\" > /dev/null\nif [ $? != 0 ] ; then\n    # print error to STDERR\n    echo \"error: The sandbox is not in sync with the Podfile.lock. Run 'pod install' or update your CocoaPods installation.\" >&2\n    exit 1\nfi\n# This output is used by Xcode 'outputs' to avoid re-running this script phase.\necho \"SUCCESS\" > \"${SCRIPT_OUTPUT_FILE_0}\"\n";
			showEnvVarsInLog = 0;
		};
/* End PBXShellScriptBuildPhase section */

/* Begin PBXSourcesBuildPhase section */
		935003F1230FAEEE00D1E339 /* Sources */ = {
			isa = PBXSourcesBuildPhase;
			buildActionMask = 2147483647;
			files = (
				934E194C23114ED80030DA01 /* PlayerDetailsDataSource.swift in Sources */,
				93B8945E2310C81F00FE4BDB /* UIViewControllerExtension.swift in Sources */,
				93B8946D2310D4E900FE4BDB /* HomeViewModel.swift in Sources */,
				93B8946B2310D29600FE4BDB /* HomePlayerCell.swift in Sources */,
				93B894672310CAD300FE4BDB /* HomeViewController.swift in Sources */,
				934E194423114D1F0030DA01 /* PlayerStatsCell.swift in Sources */,
				934E193A2310F3B80030DA01 /* NRLService.swift in Sources */,
				935003F9230FAEEE00D1E339 /* AppDelegate.swift in Sources */,
				93B8946F2310D4F100FE4BDB /* HomeDataSource.swift in Sources */,
				93B894612310C92E00FE4BDB /* ImageService.swift in Sources */,
				934E193C2310FF480030DA01 /* MatchDetails.swift in Sources */,
				934E194623114E860030DA01 /* PlayerHeaderView.swift in Sources */,
				934E1952231167E50030DA01 /* StringExtension.swift in Sources */,
				93B8945C2310C80000FE4BDB /* Contants.swift in Sources */,
				934E193E231135AF0030DA01 /* PlayerDetailsViewController.swift in Sources */,
				934E194B23114ED80030DA01 /* PlayerDetailsViewModel.swift in Sources */,
				93B894652310C9C500FE4BDB /* NetworkService.swift in Sources */,
				93B894692310CCC700FE4BDB /* StatsSectionView.swift in Sources */,
				934E1954231173FA0030DA01 /* IndexPathExtension.swift in Sources */,
				934E1950231162420030DA01 /* UICollectionViewLeftAlignedLayout.swift in Sources */,
				934E19382310E1A80030DA01 /* UICollectionViewCellExtension.swift in Sources */,
			);
			runOnlyForDeploymentPostprocessing = 0;
		};
		93500405230FAEEF00D1E339 /* Sources */ = {
			isa = PBXSourcesBuildPhase;
			buildActionMask = 2147483647;
			files = (
				9350040E230FAEEF00D1E339 /* NRLTopPlayersTests.swift in Sources */,
			);
			runOnlyForDeploymentPostprocessing = 0;
		};
/* End PBXSourcesBuildPhase section */

/* Begin PBXTargetDependency section */
		9350040B230FAEEF00D1E339 /* PBXTargetDependency */ = {
			isa = PBXTargetDependency;
			target = 935003F4230FAEEE00D1E339 /* NRLTopPlayers */;
			targetProxy = 9350040A230FAEEF00D1E339 /* PBXContainerItemProxy */;
		};
/* End PBXTargetDependency section */

/* Begin PBXVariantGroup section */
		935003FC230FAEEE00D1E339 /* Main.storyboard */ = {
			isa = PBXVariantGroup;
			children = (
				935003FD230FAEEE00D1E339 /* Base */,
			);
			name = Main.storyboard;
			sourceTree = "<group>";
		};
		93500401230FAEEF00D1E339 /* LaunchScreen.storyboard */ = {
			isa = PBXVariantGroup;
			children = (
				93500402230FAEEF00D1E339 /* Base */,
			);
			name = LaunchScreen.storyboard;
			sourceTree = "<group>";
		};
/* End PBXVariantGroup section */

/* Begin XCBuildConfiguration section */
		93500410230FAEEF00D1E339 /* Debug */ = {
			isa = XCBuildConfiguration;
			buildSettings = {
				ALWAYS_SEARCH_USER_PATHS = NO;
				CLANG_ANALYZER_NONNULL = YES;
				CLANG_ANALYZER_NUMBER_OBJECT_CONVERSION = YES_AGGRESSIVE;
				CLANG_CXX_LANGUAGE_STANDARD = "gnu++14";
				CLANG_CXX_LIBRARY = "libc++";
				CLANG_ENABLE_MODULES = YES;
				CLANG_ENABLE_OBJC_ARC = YES;
				CLANG_ENABLE_OBJC_WEAK = YES;
				CLANG_WARN_BLOCK_CAPTURE_AUTORELEASING = YES;
				CLANG_WARN_BOOL_CONVERSION = YES;
				CLANG_WARN_COMMA = YES;
				CLANG_WARN_CONSTANT_CONVERSION = YES;
				CLANG_WARN_DEPRECATED_OBJC_IMPLEMENTATIONS = YES;
				CLANG_WARN_DIRECT_OBJC_ISA_USAGE = YES_ERROR;
				CLANG_WARN_DOCUMENTATION_COMMENTS = YES;
				CLANG_WARN_EMPTY_BODY = YES;
				CLANG_WARN_ENUM_CONVERSION = YES;
				CLANG_WARN_INFINITE_RECURSION = YES;
				CLANG_WARN_INT_CONVERSION = YES;
				CLANG_WARN_NON_LITERAL_NULL_CONVERSION = YES;
				CLANG_WARN_OBJC_IMPLICIT_RETAIN_SELF = YES;
				CLANG_WARN_OBJC_LITERAL_CONVERSION = YES;
				CLANG_WARN_OBJC_ROOT_CLASS = YES_ERROR;
				CLANG_WARN_RANGE_LOOP_ANALYSIS = YES;
				CLANG_WARN_STRICT_PROTOTYPES = YES;
				CLANG_WARN_SUSPICIOUS_MOVE = YES;
				CLANG_WARN_UNGUARDED_AVAILABILITY = YES_AGGRESSIVE;
				CLANG_WARN_UNREACHABLE_CODE = YES;
				CLANG_WARN__DUPLICATE_METHOD_MATCH = YES;
				CODE_SIGN_IDENTITY = "iPhone Developer";
				COPY_PHASE_STRIP = NO;
				DEBUG_INFORMATION_FORMAT = dwarf;
				ENABLE_STRICT_OBJC_MSGSEND = YES;
				ENABLE_TESTABILITY = YES;
				GCC_C_LANGUAGE_STANDARD = gnu11;
				GCC_DYNAMIC_NO_PIC = NO;
				GCC_NO_COMMON_BLOCKS = YES;
				GCC_OPTIMIZATION_LEVEL = 0;
				GCC_PREPROCESSOR_DEFINITIONS = (
					"DEBUG=1",
					"$(inherited)",
				);
				GCC_WARN_64_TO_32_BIT_CONVERSION = YES;
				GCC_WARN_ABOUT_RETURN_TYPE = YES_ERROR;
				GCC_WARN_UNDECLARED_SELECTOR = YES;
				GCC_WARN_UNINITIALIZED_AUTOS = YES_AGGRESSIVE;
				GCC_WARN_UNUSED_FUNCTION = YES;
				GCC_WARN_UNUSED_VARIABLE = YES;
				IPHONEOS_DEPLOYMENT_TARGET = 12.2;
				MTL_ENABLE_DEBUG_INFO = INCLUDE_SOURCE;
				MTL_FAST_MATH = YES;
				ONLY_ACTIVE_ARCH = YES;
				SDKROOT = iphoneos;
				SWIFT_ACTIVE_COMPILATION_CONDITIONS = DEBUG;
				SWIFT_OPTIMIZATION_LEVEL = "-Onone";
			};
			name = Debug;
		};
		93500411230FAEEF00D1E339 /* Release */ = {
			isa = XCBuildConfiguration;
			buildSettings = {
				ALWAYS_SEARCH_USER_PATHS = NO;
				CLANG_ANALYZER_NONNULL = YES;
				CLANG_ANALYZER_NUMBER_OBJECT_CONVERSION = YES_AGGRESSIVE;
				CLANG_CXX_LANGUAGE_STANDARD = "gnu++14";
				CLANG_CXX_LIBRARY = "libc++";
				CLANG_ENABLE_MODULES = YES;
				CLANG_ENABLE_OBJC_ARC = YES;
				CLANG_ENABLE_OBJC_WEAK = YES;
				CLANG_WARN_BLOCK_CAPTURE_AUTORELEASING = YES;
				CLANG_WARN_BOOL_CONVERSION = YES;
				CLANG_WARN_COMMA = YES;
				CLANG_WARN_CONSTANT_CONVERSION = YES;
				CLANG_WARN_DEPRECATED_OBJC_IMPLEMENTATIONS = YES;
				CLANG_WARN_DIRECT_OBJC_ISA_USAGE = YES_ERROR;
				CLANG_WARN_DOCUMENTATION_COMMENTS = YES;
				CLANG_WARN_EMPTY_BODY = YES;
				CLANG_WARN_ENUM_CONVERSION = YES;
				CLANG_WARN_INFINITE_RECURSION = YES;
				CLANG_WARN_INT_CONVERSION = YES;
				CLANG_WARN_NON_LITERAL_NULL_CONVERSION = YES;
				CLANG_WARN_OBJC_IMPLICIT_RETAIN_SELF = YES;
				CLANG_WARN_OBJC_LITERAL_CONVERSION = YES;
				CLANG_WARN_OBJC_ROOT_CLASS = YES_ERROR;
				CLANG_WARN_RANGE_LOOP_ANALYSIS = YES;
				CLANG_WARN_STRICT_PROTOTYPES = YES;
				CLANG_WARN_SUSPICIOUS_MOVE = YES;
				CLANG_WARN_UNGUARDED_AVAILABILITY = YES_AGGRESSIVE;
				CLANG_WARN_UNREACHABLE_CODE = YES;
				CLANG_WARN__DUPLICATE_METHOD_MATCH = YES;
				CODE_SIGN_IDENTITY = "iPhone Developer";
				COPY_PHASE_STRIP = NO;
				DEBUG_INFORMATION_FORMAT = "dwarf-with-dsym";
				ENABLE_NS_ASSERTIONS = NO;
				ENABLE_STRICT_OBJC_MSGSEND = YES;
				GCC_C_LANGUAGE_STANDARD = gnu11;
				GCC_NO_COMMON_BLOCKS = YES;
				GCC_WARN_64_TO_32_BIT_CONVERSION = YES;
				GCC_WARN_ABOUT_RETURN_TYPE = YES_ERROR;
				GCC_WARN_UNDECLARED_SELECTOR = YES;
				GCC_WARN_UNINITIALIZED_AUTOS = YES_AGGRESSIVE;
				GCC_WARN_UNUSED_FUNCTION = YES;
				GCC_WARN_UNUSED_VARIABLE = YES;
				IPHONEOS_DEPLOYMENT_TARGET = 12.2;
				MTL_ENABLE_DEBUG_INFO = NO;
				MTL_FAST_MATH = YES;
				SDKROOT = iphoneos;
				SWIFT_COMPILATION_MODE = wholemodule;
				SWIFT_OPTIMIZATION_LEVEL = "-O";
				VALIDATE_PRODUCT = YES;
			};
			name = Release;
		};
		93500413230FAEEF00D1E339 /* Debug */ = {
			isa = XCBuildConfiguration;
			baseConfigurationReference = EE0277BDD2C7DC72D1982699 /* Pods-NRLTopPlayers.debug.xcconfig */;
			buildSettings = {
				ASSETCATALOG_COMPILER_APPICON_NAME = AppIcon;
				CODE_SIGN_STYLE = Automatic;
				DEVELOPMENT_TEAM = 7EMVL27772;
				INFOPLIST_FILE = NRLTopPlayers/Resource/Info.plist;
				IPHONEOS_DEPLOYMENT_TARGET = 12.0;
				LD_RUNPATH_SEARCH_PATHS = (
					"$(inherited)",
					"@executable_path/Frameworks",
				);
				PRODUCT_BUNDLE_IDENTIFIER = au.com.mycompany.NRLTopPlayers;
				PRODUCT_NAME = "$(TARGET_NAME)";
				SWIFT_VERSION = 5.0;
				TARGETED_DEVICE_FAMILY = "1,2";
			};
			name = Debug;
		};
		93500414230FAEEF00D1E339 /* Release */ = {
			isa = XCBuildConfiguration;
			baseConfigurationReference = B10E15F611F545C7B49C4A70 /* Pods-NRLTopPlayers.release.xcconfig */;
			buildSettings = {
				ASSETCATALOG_COMPILER_APPICON_NAME = AppIcon;
				CODE_SIGN_STYLE = Automatic;
				DEVELOPMENT_TEAM = 7EMVL27772;
				INFOPLIST_FILE = NRLTopPlayers/Resource/Info.plist;
				IPHONEOS_DEPLOYMENT_TARGET = 12.0;
				LD_RUNPATH_SEARCH_PATHS = (
					"$(inherited)",
					"@executable_path/Frameworks",
				);
				PRODUCT_BUNDLE_IDENTIFIER = au.com.mycompany.NRLTopPlayers;
				PRODUCT_NAME = "$(TARGET_NAME)";
				SWIFT_VERSION = 5.0;
				TARGETED_DEVICE_FAMILY = "1,2";
			};
			name = Release;
		};
		93500416230FAEEF00D1E339 /* Debug */ = {
			isa = XCBuildConfiguration;
			baseConfigurationReference = 5D6AE9481B196B7E9EF8DD90 /* Pods-NRLTopPlayersTests.debug.xcconfig */;
			buildSettings = {
				ALWAYS_EMBED_SWIFT_STANDARD_LIBRARIES = YES;
				BUNDLE_LOADER = "$(TEST_HOST)";
				CODE_SIGN_STYLE = Automatic;
				DEVELOPMENT_TEAM = 7EMVL27772;
				INFOPLIST_FILE = NRLTopPlayersTests/Info.plist;
				LD_RUNPATH_SEARCH_PATHS = (
					"$(inherited)",
					"@executable_path/Frameworks",
					"@loader_path/Frameworks",
				);
				PRODUCT_BUNDLE_IDENTIFIER = au.com.mycompany.NRLTopPlayersTests;
				PRODUCT_NAME = "$(TARGET_NAME)";
				SWIFT_VERSION = 5.0;
				TARGETED_DEVICE_FAMILY = "1,2";
				TEST_HOST = "$(BUILT_PRODUCTS_DIR)/NRLTopPlayers.app/NRLTopPlayers";
			};
			name = Debug;
		};
		93500417230FAEEF00D1E339 /* Release */ = {
			isa = XCBuildConfiguration;
			baseConfigurationReference = D8448076C7E91A07EBFE6734 /* Pods-NRLTopPlayersTests.release.xcconfig */;
			buildSettings = {
				ALWAYS_EMBED_SWIFT_STANDARD_LIBRARIES = YES;
				BUNDLE_LOADER = "$(TEST_HOST)";
				CODE_SIGN_STYLE = Automatic;
				DEVELOPMENT_TEAM = 7EMVL27772;
				INFOPLIST_FILE = NRLTopPlayersTests/Info.plist;
				LD_RUNPATH_SEARCH_PATHS = (
					"$(inherited)",
					"@executable_path/Frameworks",
					"@loader_path/Frameworks",
				);
				PRODUCT_BUNDLE_IDENTIFIER = au.com.mycompany.NRLTopPlayersTests;
				PRODUCT_NAME = "$(TARGET_NAME)";
				SWIFT_VERSION = 5.0;
				TARGETED_DEVICE_FAMILY = "1,2";
				TEST_HOST = "$(BUILT_PRODUCTS_DIR)/NRLTopPlayers.app/NRLTopPlayers";
			};
			name = Release;
		};
/* End XCBuildConfiguration section */

/* Begin XCConfigurationList section */
		935003F0230FAEEE00D1E339 /* Build configuration list for PBXProject "NRLTopPlayers" */ = {
			isa = XCConfigurationList;
			buildConfigurations = (
				93500410230FAEEF00D1E339 /* Debug */,
				93500411230FAEEF00D1E339 /* Release */,
			);
			defaultConfigurationIsVisible = 0;
			defaultConfigurationName = Release;
		};
		93500412230FAEEF00D1E339 /* Build configuration list for PBXNativeTarget "NRLTopPlayers" */ = {
			isa = XCConfigurationList;
			buildConfigurations = (
				93500413230FAEEF00D1E339 /* Debug */,
				93500414230FAEEF00D1E339 /* Release */,
			);
			defaultConfigurationIsVisible = 0;
			defaultConfigurationName = Release;
		};
		93500415230FAEEF00D1E339 /* Build configuration list for PBXNativeTarget "NRLTopPlayersTests" */ = {
			isa = XCConfigurationList;
			buildConfigurations = (
				93500416230FAEEF00D1E339 /* Debug */,
				93500417230FAEEF00D1E339 /* Release */,
			);
			defaultConfigurationIsVisible = 0;
			defaultConfigurationName = Release;
		};
/* End XCConfigurationList section */
	};
	rootObject = 935003ED230FAEEE00D1E339 /* Project object */;
}
